<?xml version="1.0" encoding="utf-8"?>
<Project ToolsVersion="4.0" xmlns="http://schemas.microsoft.com/developer/msbuild/2003">
  <ItemGroup>
    <Filter Include="win32">
      <UniqueIdentifier>{84a8ebd7-7cf0-47f6-b75e-d441df67da40}</UniqueIdentifier>
    </Filter>
    <Filter Include="Classes">
      <UniqueIdentifier>{bb6c862e-70e9-49d9-81b7-3829a6f50471}</UniqueIdentifier>
    </Filter>
    <Filter Include="Utilities">
      <UniqueIdentifier>{6f816de0-284f-47ba-ac66-a1eaeac839f9}</UniqueIdentifier>
    </Filter>
    <Filter Include="Classes\Common">
      <UniqueIdentifier>{faef1490-67c2-4f5b-a1f7-c08dc910d9fc}</UniqueIdentifier>
    </Filter>
    <Filter Include="Classes\Sprites">
      <UniqueIdentifier>{bb484b24-8082-424c-8471-1c855014ce3f}</UniqueIdentifier>
    </Filter>
    <Filter Include="Classes\Backgrounds">
      <UniqueIdentifier>{70163e1b-0a05-495f-b3b9-acf62560b32f}</UniqueIdentifier>
    </Filter>
  </ItemGroup>
  <ItemGroup>
    <ClCompile Include="main.cpp">
      <Filter>win32</Filter>
    </ClCompile>
    <ClCompile Include="..\Classes\AppDelegate.cpp">
      <Filter>Classes</Filter>
    </ClCompile>
    <ClCompile Include="..\Classes\GameScene.cpp">
      <Filter>Classes</Filter>
    </ClCompile>
    <ClCompile Include="..\Classes\Common\SCScene.cpp">
      <Filter>Classes\Common</Filter>
    </ClCompile>
    <ClCompile Include="..\Classes\Common\SCSprite.cpp">
      <Filter>Classes\Common</Filter>
    </ClCompile>
    <ClCompile Include="..\Classes\Sprites\Balloon.cpp">
      <Filter>Classes\Sprites</Filter>
    </ClCompile>
    <ClCompile Include="..\Classes\Sprites\Dryer.cpp">
      <Filter>Classes\Sprites</Filter>
    </ClCompile>
    <ClCompile Include="..\Classes\Backgrounds\Simple.cpp">
      <Filter>Classes\Backgrounds</Filter>
    </ClCompile>
  </ItemGroup>
  <ItemGroup>
    <ClInclude Include="main.h">
      <Filter>win32</Filter>
    </ClInclude>
    <ClInclude Include="..\Utilities\ns.h">
      <Filter>Utilities</Filter>
    </ClInclude>
    <ClInclude Include="..\Classes\AppDelegate.h">
      <Filter>Classes</Filter>
    </ClInclude>
    <ClInclude Include="..\Classes\AppMacros.h">
      <Filter>Classes</Filter>
    </ClInclude>
    <ClInclude Include="..\Classes\GameScene.h">
      <Filter>Classes</Filter>
    </ClInclude>
    <ClInclude Include="..\Classes\Common\SCScene.h">
      <Filter>Classes\Common</Filter>
    </ClInclude>
    <ClInclude Include="..\Classes\Common\SCSprite.h">
      <Filter>Classes\Common</Filter>
    </ClInclude>
    <ClInclude Include="..\Classes\Sprites\Balloon.h">
      <Filter>Classes\Sprites</Filter>
    </ClInclude>
    <ClInclude Include="..\Classes\Sprites\Dryer.h">
      <Filter>Classes\Sprites</Filter>
    </ClInclude>
    <ClInclude Include="..\Classes\Backgrounds\Simple.h">
      <Filter>Classes\Backgrounds</Filter>
    </ClInclude>
  </ItemGroup>
</Project>